
Microsoft Visual Studio Solution File, Format Version 12.00
# Visual Studio Version 16
VisualStudioVersion = 16.0.30907.101
MinimumVisualStudioVersion = 10.0.40219.1
Project("{FAE04EC0-301F-11D3-BF4B-00C04F79EFBC}") = "hada-p1", "hada-p1\hada-p1.csproj", "{B1AB63EE-88C7-4BE6-AB58-7756E8D68AE4}"
EndProject
Global
	GlobalSection(SolutionConfigurationPlatforms) = preSolution
		Debug|Any CPU = Debug|Any CPU
		Release|Any CPU = Release|Any CPU
	EndGlobalSection
	GlobalSection(ProjectConfigurationPlatforms) = postSolution
		{B1AB63EE-88C7-4BE6-AB58-7756E8D68AE4}.Debug|Any CPU.ActiveCfg = Debug|Any CPU
		{B1AB63EE-88C7-4BE6-AB58-7756E8D68AE4}.Debug|Any CPU.Build.0 = Debug|Any CPU
		{B1AB63EE-88C7-4BE6-AB58-7756E8D68AE4}.Release|Any CPU.ActiveCfg = Release|Any CPU
		{B1AB63EE-88C7-4BE6-AB58-7756E8D68AE4}.Release|Any CPU.Build.0 = Release|Any CPU
	EndGlobalSection
	GlobalSection(SolutionProperties) = preSolution
		HideSolutionNode = FALSE
	EndGlobalSection
	GlobalSection(ExtensibilityGlobals) = postSolution
		SolutionGuid = {D26C4F45-006A-40C5-8FE0-0E4A2E7F6AB3}
	EndGlobalSection
EndGlobal
